
Microsoft Visual Studio Solution File, Format Version 12.00
# Visual Studio 15
VisualStudioVersion = 15.0.28307.1500
MinimumVisualStudioVersion = 10.0.40219.1
Project("{FAE04EC0-301F-11D3-BF4B-00C04F79EFBC}") = "ReaderMonitor", "ReaderMonitor\ReaderMonitor.csproj", "{CDEEFF06-3D07-421B-9D26-FC4017D04978}"
EndProject
Global
	GlobalSection(SolutionConfigurationPlatforms) = preSolution
		Debug|Any CPU = Debug|Any CPU
		Release|Any CPU = Release|Any CPU
	EndGlobalSection
	GlobalSection(ProjectConfigurationPlatforms) = postSolution
		{CDEEFF06-3D07-421B-9D26-FC4017D04978}.Debug|Any CPU.ActiveCfg = Debug|Any CPU
		{CDEEFF06-3D07-421B-9D26-FC4017D04978}.Debug|Any CPU.Build.0 = Debug|Any CPU
		{CDEEFF06-3D07-421B-9D26-FC4017D04978}.Release|Any CPU.ActiveCfg = Release|Any CPU
		{CDEEFF06-3D07-421B-9D26-FC4017D04978}.Release|Any CPU.Build.0 = Release|Any CPU
	EndGlobalSection
	GlobalSection(SolutionProperties) = preSolution
		HideSolutionNode = FALSE
	EndGlobalSection
	GlobalSection(ExtensibilityGlobals) = postSolution
		SolutionGuid = {65FEA9BE-995D-49D1-B2C5-811567F3CC33}
	EndGlobalSection
EndGlobal
